
Microsoft Visual Studio Solution File, Format Version 12.00
# Visual Studio Version 17
VisualStudioVersion = 17.2.32519.379
MinimumVisualStudioVersion = 10.0.40219.1
Project("{FAE04EC0-301F-11D3-BF4B-00C04F79EFBC}") = "LottoConsoleApp", "LottoConsoleApp\LottoConsoleApp.csproj", "{5B11BD8B-3441-41EA-A906-F4DACEE5332F}"
EndProject
Global
	GlobalSection(SolutionConfigurationPlatforms) = preSolution
		Debug|Any CPU = Debug|Any CPU
		Release|Any CPU = Release|Any CPU
	EndGlobalSection
	GlobalSection(ProjectConfigurationPlatforms) = postSolution
		{5B11BD8B-3441-41EA-A906-F4DACEE5332F}.Debug|Any CPU.ActiveCfg = Debug|Any CPU
		{5B11BD8B-3441-41EA-A906-F4DACEE5332F}.Debug|Any CPU.Build.0 = Debug|Any CPU
		{5B11BD8B-3441-41EA-A906-F4DACEE5332F}.Release|Any CPU.ActiveCfg = Release|Any CPU
		{5B11BD8B-3441-41EA-A906-F4DACEE5332F}.Release|Any CPU.Build.0 = Release|Any CPU
	EndGlobalSection
	GlobalSection(SolutionProperties) = preSolution
		HideSolutionNode = FALSE
	EndGlobalSection
	GlobalSection(ExtensibilityGlobals) = postSolution
		SolutionGuid = {68B38A73-A0EF-4894-B522-D60B9BFBABE0}
	EndGlobalSection
EndGlobal
